
Microsoft Visual Studio Solution File, Format Version 12.00
# Visual Studio Version 17
VisualStudioVersion = 17.3.32929.385
MinimumVisualStudioVersion = 10.0.40219.1
Project("{2150E333-8FDC-42A3-9474-1A3956D46DE8}") = "src", "src", "{9A456ACF-9DB4-4154-9A3A-ADC18AD6F8EC}"
EndProject
Project("{2150E333-8FDC-42A3-9474-1A3956D46DE8}") = "test", "test", "{53798662-F340-4571-A4C0-B9F02DAE5097}"
EndProject
Project("{2150E333-8FDC-42A3-9474-1A3956D46DE8}") = "UI", "UI", "{0B88587A-FCC0-4153-85B5-8F45E6940690}"
EndProject
Project("{2150E333-8FDC-42A3-9474-1A3956D46DE8}") = "Core", "Core", "{F31010EF-6348-448A-A01D-9F0023881F2E}"
EndProject
Project("{2150E333-8FDC-42A3-9474-1A3956D46DE8}") = "Infrastructure", "Infrastructure", "{140B43FF-F373-4917-A2F2-7E7C24B790EE}"
EndProject
Project("{2150E333-8FDC-42A3-9474-1A3956D46DE8}") = "API", "API", "{DD1A9F3F-473D-41D3-9152-2907D139893B}"
EndProject
Project("{FAE04EC0-301F-11D3-BF4B-00C04F79EFBC}") = "Hr.LeaveManagement.Domain", "Hr.LeaveManagement.Domain\Hr.LeaveManagement.Domain.csproj", "{79B066D7-1E3E-4A8C-8836-EBF6C151B6E3}"
EndProject
Project("{FAE04EC0-301F-11D3-BF4B-00C04F79EFBC}") = "Hr.LeaveManagement.Application", "Hr.LeaveManagement.Application\Hr.LeaveManagement.Application.csproj", "{5EF62020-75EE-4F50-BEC8-603084B377D7}"
EndProject
Global
	GlobalSection(SolutionConfigurationPlatforms) = preSolution
		Debug|Any CPU = Debug|Any CPU
		Release|Any CPU = Release|Any CPU
	EndGlobalSection
	GlobalSection(ProjectConfigurationPlatforms) = postSolution
		{79B066D7-1E3E-4A8C-8836-EBF6C151B6E3}.Debug|Any CPU.ActiveCfg = Debug|Any CPU
		{79B066D7-1E3E-4A8C-8836-EBF6C151B6E3}.Debug|Any CPU.Build.0 = Debug|Any CPU
		{79B066D7-1E3E-4A8C-8836-EBF6C151B6E3}.Release|Any CPU.ActiveCfg = Release|Any CPU
		{79B066D7-1E3E-4A8C-8836-EBF6C151B6E3}.Release|Any CPU.Build.0 = Release|Any CPU
		{5EF62020-75EE-4F50-BEC8-603084B377D7}.Debug|Any CPU.ActiveCfg = Debug|Any CPU
		{5EF62020-75EE-4F50-BEC8-603084B377D7}.Debug|Any CPU.Build.0 = Debug|Any CPU
		{5EF62020-75EE-4F50-BEC8-603084B377D7}.Release|Any CPU.ActiveCfg = Release|Any CPU
		{5EF62020-75EE-4F50-BEC8-603084B377D7}.Release|Any CPU.Build.0 = Release|Any CPU
	EndGlobalSection
	GlobalSection(SolutionProperties) = preSolution
		HideSolutionNode = FALSE
	EndGlobalSection
	GlobalSection(NestedProjects) = preSolution
		{0B88587A-FCC0-4153-85B5-8F45E6940690} = {9A456ACF-9DB4-4154-9A3A-ADC18AD6F8EC}
		{F31010EF-6348-448A-A01D-9F0023881F2E} = {9A456ACF-9DB4-4154-9A3A-ADC18AD6F8EC}
		{140B43FF-F373-4917-A2F2-7E7C24B790EE} = {9A456ACF-9DB4-4154-9A3A-ADC18AD6F8EC}
		{DD1A9F3F-473D-41D3-9152-2907D139893B} = {9A456ACF-9DB4-4154-9A3A-ADC18AD6F8EC}
		{79B066D7-1E3E-4A8C-8836-EBF6C151B6E3} = {F31010EF-6348-448A-A01D-9F0023881F2E}
		{5EF62020-75EE-4F50-BEC8-603084B377D7} = {F31010EF-6348-448A-A01D-9F0023881F2E}
	EndGlobalSection
	GlobalSection(ExtensibilityGlobals) = postSolution
		SolutionGuid = {3A6722CB-2617-404C-B042-AD8D314414A2}
	EndGlobalSection
EndGlobal
