
Microsoft Visual Studio Solution File, Format Version 12.00
# Visual Studio Version 17
VisualStudioVersion = 17.3.32929.385
MinimumVisualStudioVersion = 10.0.40219.1
Project("{2150E333-8FDC-42A3-9474-1A3956D46DE8}") = "src", "src", "{9A456ACF-9DB4-4154-9A3A-ADC18AD6F8EC}"
EndProject
Project("{2150E333-8FDC-42A3-9474-1A3956D46DE8}") = "test", "test", "{53798662-F340-4571-A4C0-B9F02DAE5097}"
EndProject
Project("{2150E333-8FDC-42A3-9474-1A3956D46DE8}") = "UI", "UI", "{0B88587A-FCC0-4153-85B5-8F45E6940690}"
EndProject
Project("{2150E333-8FDC-42A3-9474-1A3956D46DE8}") = "Core", "Core", "{F31010EF-6348-448A-A01D-9F0023881F2E}"
EndProject
Project("{2150E333-8FDC-42A3-9474-1A3956D46DE8}") = "Infrastructure", "Infrastructure", "{140B43FF-F373-4917-A2F2-7E7C24B790EE}"
EndProject
Project("{2150E333-8FDC-42A3-9474-1A3956D46DE8}") = "API", "API", "{DD1A9F3F-473D-41D3-9152-2907D139893B}"
EndProject
Project("{9A19103F-16F7-4668-BE54-9A1E7A4F7556}") = "Hr.LeaveManagement.Domain", "Hr.LeaveManagement.Domain\Hr.LeaveManagement.Domain.csproj", "{79B066D7-1E3E-4A8C-8836-EBF6C151B6E3}"
EndProject
Project("{9A19103F-16F7-4668-BE54-9A1E7A4F7556}") = "Hr.LeaveManagement.Application", "Hr.LeaveManagement.Application\Hr.LeaveManagement.Application.csproj", "{5EF62020-75EE-4F50-BEC8-603084B377D7}"
EndProject
Project("{9A19103F-16F7-4668-BE54-9A1E7A4F7556}") = "Hr.LeaveManagement.Infrastructure", "Hr.LeaveManagement.Infrastructure\Hr.LeaveManagement.Infrastructure.csproj", "{0DDFB65A-5AE9-4BF2-8F01-43E617D4F7C8}"
EndProject
Project("{9A19103F-16F7-4668-BE54-9A1E7A4F7556}") = "HR.LeaveManagement.API", "HR.LeaveManagement.API\HR.LeaveManagement.API.csproj", "{FDED253E-6B6B-4C35-B540-7F8968980878}"
EndProject
Project("{2150E333-8FDC-42A3-9474-1A3956D46DE8}") = "Persistence", "Persistence", "{8646583B-C442-4447-AD87-7147E6D000BD}"
EndProject
Project("{9A19103F-16F7-4668-BE54-9A1E7A4F7556}") = "Hr.LeaveManagement.Persistence", "Hr.LeaveManagement.Persistenc\Hr.LeaveManagement.Persistence.csproj", "{5132F9D6-6A43-47B3-B5C1-7F2C70BF9E24}"
EndProject
Project("{9A19103F-16F7-4668-BE54-9A1E7A4F7556}") = "Hr.LeaveManagement.Application.UnitTests", "Hr.LeaveManagement.Application.UnitTests\Hr.LeaveManagement.Application.UnitTests.csproj", "{70948387-5D1D-4EBC-BAD6-91C2F07AD1F1}"
EndProject
Project("{2150E333-8FDC-42A3-9474-1A3956D46DE8}") = "test", "test", "{E4AFF4BF-0D04-4CCA-B8D9-87AD58866BB0}"
EndProject
Project("{FAE04EC0-301F-11D3-BF4B-00C04F79EFBC}") = "Hr.LeaveManagement.Application.UnitTests", "Hr.LeaveManagement.Application.Tests\Hr.LeaveManagement.Application.UnitTests.csproj", "{C69314F4-3B8D-43E0-A3AC-ED5867828E72}"
EndProject
Project("{FAE04EC0-301F-11D3-BF4B-00C04F79EFBC}") = "Hr.LeaveManagement.IntegrationTests", "Hr.LeaveManagement.IntegrationTests\Hr.LeaveManagement.IntegrationTests.csproj", "{AF7326DF-368F-4873-B0EB-E40EE03A8D90}"
EndProject
Project("{2150E333-8FDC-42A3-9474-1A3956D46DE8}") = "UI-Layer", "UI-Layer", "{1793DB17-5DFE-4DCE-AA1A-066D476A20F2}"
EndProject
Global
	GlobalSection(SolutionConfigurationPlatforms) = preSolution
		Debug|Any CPU = Debug|Any CPU
		Release|Any CPU = Release|Any CPU
	EndGlobalSection
	GlobalSection(ProjectConfigurationPlatforms) = postSolution
		{79B066D7-1E3E-4A8C-8836-EBF6C151B6E3}.Debug|Any CPU.ActiveCfg = Debug|Any CPU
		{79B066D7-1E3E-4A8C-8836-EBF6C151B6E3}.Debug|Any CPU.Build.0 = Debug|Any CPU
		{79B066D7-1E3E-4A8C-8836-EBF6C151B6E3}.Release|Any CPU.ActiveCfg = Release|Any CPU
		{79B066D7-1E3E-4A8C-8836-EBF6C151B6E3}.Release|Any CPU.Build.0 = Release|Any CPU
		{5EF62020-75EE-4F50-BEC8-603084B377D7}.Debug|Any CPU.ActiveCfg = Debug|Any CPU
		{5EF62020-75EE-4F50-BEC8-603084B377D7}.Debug|Any CPU.Build.0 = Debug|Any CPU
		{5EF62020-75EE-4F50-BEC8-603084B377D7}.Release|Any CPU.ActiveCfg = Release|Any CPU
		{5EF62020-75EE-4F50-BEC8-603084B377D7}.Release|Any CPU.Build.0 = Release|Any CPU
		{0DDFB65A-5AE9-4BF2-8F01-43E617D4F7C8}.Debug|Any CPU.ActiveCfg = Debug|Any CPU
		{0DDFB65A-5AE9-4BF2-8F01-43E617D4F7C8}.Debug|Any CPU.Build.0 = Debug|Any CPU
		{0DDFB65A-5AE9-4BF2-8F01-43E617D4F7C8}.Release|Any CPU.ActiveCfg = Release|Any CPU
		{0DDFB65A-5AE9-4BF2-8F01-43E617D4F7C8}.Release|Any CPU.Build.0 = Release|Any CPU
		{FDED253E-6B6B-4C35-B540-7F8968980878}.Debug|Any CPU.ActiveCfg = Debug|Any CPU
		{FDED253E-6B6B-4C35-B540-7F8968980878}.Debug|Any CPU.Build.0 = Debug|Any CPU
		{FDED253E-6B6B-4C35-B540-7F8968980878}.Release|Any CPU.ActiveCfg = Release|Any CPU
		{FDED253E-6B6B-4C35-B540-7F8968980878}.Release|Any CPU.Build.0 = Release|Any CPU
		{5132F9D6-6A43-47B3-B5C1-7F2C70BF9E24}.Debug|Any CPU.ActiveCfg = Debug|Any CPU
		{5132F9D6-6A43-47B3-B5C1-7F2C70BF9E24}.Debug|Any CPU.Build.0 = Debug|Any CPU
		{5132F9D6-6A43-47B3-B5C1-7F2C70BF9E24}.Release|Any CPU.ActiveCfg = Release|Any CPU
		{5132F9D6-6A43-47B3-B5C1-7F2C70BF9E24}.Release|Any CPU.Build.0 = Release|Any CPU
		{70948387-5D1D-4EBC-BAD6-91C2F07AD1F1}.Debug|Any CPU.ActiveCfg = Debug|Any CPU
		{70948387-5D1D-4EBC-BAD6-91C2F07AD1F1}.Debug|Any CPU.Build.0 = Debug|Any CPU
		{70948387-5D1D-4EBC-BAD6-91C2F07AD1F1}.Release|Any CPU.ActiveCfg = Release|Any CPU
		{70948387-5D1D-4EBC-BAD6-91C2F07AD1F1}.Release|Any CPU.Build.0 = Release|Any CPU
		{C69314F4-3B8D-43E0-A3AC-ED5867828E72}.Debug|Any CPU.ActiveCfg = Debug|Any CPU
		{C69314F4-3B8D-43E0-A3AC-ED5867828E72}.Debug|Any CPU.Build.0 = Debug|Any CPU
		{C69314F4-3B8D-43E0-A3AC-ED5867828E72}.Release|Any CPU.ActiveCfg = Release|Any CPU
		{C69314F4-3B8D-43E0-A3AC-ED5867828E72}.Release|Any CPU.Build.0 = Release|Any CPU
		{AF7326DF-368F-4873-B0EB-E40EE03A8D90}.Debug|Any CPU.ActiveCfg = Debug|Any CPU
		{AF7326DF-368F-4873-B0EB-E40EE03A8D90}.Debug|Any CPU.Build.0 = Debug|Any CPU
		{AF7326DF-368F-4873-B0EB-E40EE03A8D90}.Release|Any CPU.ActiveCfg = Release|Any CPU
		{AF7326DF-368F-4873-B0EB-E40EE03A8D90}.Release|Any CPU.Build.0 = Release|Any CPU
	EndGlobalSection
	GlobalSection(SolutionProperties) = preSolution
		HideSolutionNode = FALSE
	EndGlobalSection
	GlobalSection(NestedProjects) = preSolution
		{0B88587A-FCC0-4153-85B5-8F45E6940690} = {9A456ACF-9DB4-4154-9A3A-ADC18AD6F8EC}
		{F31010EF-6348-448A-A01D-9F0023881F2E} = {9A456ACF-9DB4-4154-9A3A-ADC18AD6F8EC}
		{140B43FF-F373-4917-A2F2-7E7C24B790EE} = {9A456ACF-9DB4-4154-9A3A-ADC18AD6F8EC}
		{DD1A9F3F-473D-41D3-9152-2907D139893B} = {9A456ACF-9DB4-4154-9A3A-ADC18AD6F8EC}
		{79B066D7-1E3E-4A8C-8836-EBF6C151B6E3} = {F31010EF-6348-448A-A01D-9F0023881F2E}
		{5EF62020-75EE-4F50-BEC8-603084B377D7} = {F31010EF-6348-448A-A01D-9F0023881F2E}
		{0DDFB65A-5AE9-4BF2-8F01-43E617D4F7C8} = {140B43FF-F373-4917-A2F2-7E7C24B790EE}
		{FDED253E-6B6B-4C35-B540-7F8968980878} = {DD1A9F3F-473D-41D3-9152-2907D139893B}
		{8646583B-C442-4447-AD87-7147E6D000BD} = {9A456ACF-9DB4-4154-9A3A-ADC18AD6F8EC}
		{5132F9D6-6A43-47B3-B5C1-7F2C70BF9E24} = {8646583B-C442-4447-AD87-7147E6D000BD}
		{70948387-5D1D-4EBC-BAD6-91C2F07AD1F1} = {53798662-F340-4571-A4C0-B9F02DAE5097}
		{E4AFF4BF-0D04-4CCA-B8D9-87AD58866BB0} = {9A456ACF-9DB4-4154-9A3A-ADC18AD6F8EC}
		{C69314F4-3B8D-43E0-A3AC-ED5867828E72} = {E4AFF4BF-0D04-4CCA-B8D9-87AD58866BB0}
		{AF7326DF-368F-4873-B0EB-E40EE03A8D90} = {E4AFF4BF-0D04-4CCA-B8D9-87AD58866BB0}
		{1793DB17-5DFE-4DCE-AA1A-066D476A20F2} = {9A456ACF-9DB4-4154-9A3A-ADC18AD6F8EC}
	EndGlobalSection
	GlobalSection(ExtensibilityGlobals) = postSolution
		SolutionGuid = {3A6722CB-2617-404C-B042-AD8D314414A2}
	EndGlobalSection
EndGlobal
